{
  "version": 4,
  "terraform_version": "1.14.6",
  "serial": 1,
  "lineage": "cf73064a-30e2-6c5e-6b8f-5a983ddb9a43",
  "outputs": {},
  "resources": [
    {
      "mode": "managed",
      "type": "local_file",
      "name": "example",
      "provider": "provider[\"registry.terraform.io/hashicorp/local\"]",
      "instances": [
        {
          "schema_version": 0,
          "attributes": {
            "content": "this is file conetct of terraform-testing-demo env",
            "content_base64": null,
            "content_base64sha256": "MD60He86w8lVRfkwgnF3NrrgMY4sNvFDKp0bI6TkOqo=",
            "content_base64sha512": "bi8ILZTtcRIWaH+iZ9x/8u0LPXJh+wyqI38lPLsBz6YQusa0OrCNWWjuto1THqlZWQ+Bw5ByzQVKw/rqd6B2cw==",
            "content_md5": "275d82de0c7bef18482feb323dea78b5",
            "content_sha1": "b48bb2e3e0d9822f9b1908728487b70a4ea605a6",
            "content_sha256": "303eb41def3ac3c95545f93082717736bae0318e2c36f1432a9d1b23a4e43aaa",
            "content_sha512": "6e2f082d94ed711216687fa267dc7ff2ed0b3d7261fb0caa237f253cbb01cfa610bac6b43ab08d5968eeb68d531ea959590f81c39072cd054ac3faea77a07673",
            "directory_permission": "0777",
            "file_permission": "0777",
            "filename": "terraform-testing-demo.txt",
            "id": "b48bb2e3e0d9822f9b1908728487b70a4ea605a6",
            "sensitive_content": null,
            "source": null
          },
          "sensitive_attributes": [
            [
              {
                "type": "get_attr",
                "value": "sensitive_content"
              }
            ]
          ],
          "identity_schema_version": 0
        }
      ]
    }
  ],
  "check_results": null
}
