{
  "version": 4,
  "terraform_version": "1.14.6",
  "serial": 1,
  "lineage": "153112fe-3a8e-5ff8-cc30-0cfdf8180adc",
  "outputs": {},
  "resources": [
    {
      "mode": "managed",
      "type": "local_file",
      "name": "example",
      "provider": "provider[\"registry.terraform.io/hashicorp/local\"]",
      "instances": [
        {
          "schema_version": 0,
          "attributes": {
            "content": "Hello from Terraform variables!",
            "content_base64": null,
            "content_base64sha256": "f7nME/Po4lvApu9SCYJgAwwN15s2SD+a9sARRE/KfYU=",
            "content_base64sha512": "6kkRQmOd+RqdFXaVrmy1PbIZpkhpAI413nXx8DAUekUqhdjU+DM4ILbc3Sf1kmVFRG7jI+fhMmcD76oN85jlMg==",
            "content_md5": "75d22cd02d313539f39ce11ee23831c5",
            "content_sha1": "238f2c1d1a5dd6fe667a6eb58f85622a33d5c629",
            "content_sha256": "7fb9cc13f3e8e25bc0a6ef52098260030c0dd79b36483f9af6c011444fca7d85",
            "content_sha512": "ea491142639df91a9d157695ae6cb53db219a64869008e35de75f1f030147a452a85d8d4f8333820b6dcdd27f5926545446ee323e7e1326703efaa0df398e532",
            "directory_permission": "0777",
            "file_permission": "0777",
            "filename": "message.txt",
            "id": "238f2c1d1a5dd6fe667a6eb58f85622a33d5c629",
            "sensitive_content": null,
            "source": null
          },
          "sensitive_attributes": [
            [
              {
                "type": "get_attr",
                "value": "sensitive_content"
              }
            ]
          ],
          "identity_schema_version": 0
        }
      ]
    }
  ],
  "check_results": null
}
