{
  "version": 4,
  "terraform_version": "1.14.6",
  "serial": 1,
  "lineage": "0b192175-86a9-ddc7-c5c6-a755eb07ffb7",
  "outputs": {
    "file_name": {
      "value": "output.txt",
      "type": "string"
    }
  },
  "resources": [
    {
      "mode": "managed",
      "type": "local_file",
      "name": "example",
      "provider": "provider[\"registry.terraform.io/hashicorp/local\"]",
      "instances": [
        {
          "schema_version": 0,
          "attributes": {
            "content": "Terraform output example",
            "content_base64": null,
            "content_base64sha256": "2jmLPhT80wSQymWKKi49UCWf78NdjHokVCs/wbFLLiI=",
            "content_base64sha512": "1oMSqWeNTkJ9EcRq7xfz5Htf7czr8dcOIqKQ+hElMMXd/sz41dFdHaGquJxkJABQpNa5UcCFGCW4xSbUd6n+gw==",
            "content_md5": "7c5957400f8d85a0456e06971752fec6",
            "content_sha1": "058eaf74de07b9af240ecf4f26b3ba7549e8604c",
            "content_sha256": "da398b3e14fcd30490ca658a2a2e3d50259fefc35d8c7a24542b3fc1b14b2e22",
            "content_sha512": "d68312a9678d4e427d11c46aef17f3e47b5fedccebf1d70e22a290fa112530c5ddfeccf8d5d15d1da1aab89c64240050a4d6b951c0851825b8c526d477a9fe83",
            "directory_permission": "0777",
            "file_permission": "0777",
            "filename": "output.txt",
            "id": "058eaf74de07b9af240ecf4f26b3ba7549e8604c",
            "sensitive_content": null,
            "source": null
          },
          "sensitive_attributes": [
            [
              {
                "type": "get_attr",
                "value": "sensitive_content"
              }
            ]
          ],
          "identity_schema_version": 0
        }
      ]
    }
  ],
  "check_results": null
}
