{
  "version": 4,
  "terraform_version": "1.14.6",
  "serial": 1,
  "lineage": "a2d037ec-736e-0e3f-5bb4-529b9554e355",
  "outputs": {},
  "resources": [
    {
      "mode": "managed",
      "type": "local_file",
      "name": "example",
      "provider": "provider[\"registry.terraform.io/hashicorp/local\"]",
      "instances": [
        {
          "schema_version": 0,
          "attributes": {
            "content": "This file is created using Terraform.",
            "content_base64": null,
            "content_base64sha256": "+o/jVityL7igzuVxfTa9XOpuaxz3DnCdCz9rfbsLo9I=",
            "content_base64sha512": "pdzbxEQvo6PDfYbsFoG8GyXV1oX6RnVhXxfIcYGkJzXWuEMTgcKPksGT048x/gO16FJXHXQK3Lp247VstozDNA==",
            "content_md5": "c42903dcf9c8cde5a7ba826fcad8dd35",
            "content_sha1": "828431be1d2d3b9c3a4e0ba83d0225c8a3decb8c",
            "content_sha256": "fa8fe3562b722fb8a0cee5717d36bd5cea6e6b1cf70e709d0b3f6b7dbb0ba3d2",
            "content_sha512": "a5dcdbc4442fa3a3c37d86ec1681bc1b25d5d685fa4675615f17c87181a42735d6b8431381c28f92c193d38f31fe03b5e852571d740adcba76e3b56cb68cc334",
            "directory_permission": "0777",
            "file_permission": "0777",
            "filename": "local-file.txt",
            "id": "828431be1d2d3b9c3a4e0ba83d0225c8a3decb8c",
            "sensitive_content": null,
            "source": null
          },
          "sensitive_attributes": [
            [
              {
                "type": "get_attr",
                "value": "sensitive_content"
              }
            ]
          ],
          "identity_schema_version": 0
        }
      ]
    }
  ],
  "check_results": null
}
