{
  "version": 4,
  "terraform_version": "1.14.6",
  "serial": 1,
  "lineage": "46e2f82b-ab16-16c3-5286-b0279e84a32b",
  "outputs": {},
  "resources": [
    {
      "mode": "managed",
      "type": "local_file",
      "name": "example",
      "provider": "provider[\"registry.terraform.io/hashicorp/local\"]",
      "instances": [
        {
          "schema_version": 0,
          "attributes": {
            "content": "this is file conetct of terraform-testing-dev env",
            "content_base64": null,
            "content_base64sha256": "RFqo82Sxt1mmJ9XNWioIOVCAL3yo08JqsqO3NgEdBNs=",
            "content_base64sha512": "IZDzDSpqZD9EtAq04NxjVZTjw57XgAhB/2tLT0RbilVYlrj+kUYc/oZGU9+TKM1iBOABOG6nOzLl+TAJqXaP6Q==",
            "content_md5": "f892749b2f2e5edacf3d007180364fe4",
            "content_sha1": "b5d85e980bd6556c9e76b3606eb38d4f1d65747f",
            "content_sha256": "445aa8f364b1b759a627d5cd5a2a083950802f7ca8d3c26ab2a3b736011d04db",
            "content_sha512": "2190f30d2a6a643f44b40ab4e0dc635594e3c39ed7800841ff6b4b4f445b8a555896b8fe91461cfe864653df9328cd6204e001386ea73b32e5f93009a9768fe9",
            "directory_permission": "0777",
            "file_permission": "0777",
            "filename": "terraform-testing-dev.txt",
            "id": "b5d85e980bd6556c9e76b3606eb38d4f1d65747f",
            "sensitive_content": null,
            "source": null
          },
          "sensitive_attributes": [
            [
              {
                "type": "get_attr",
                "value": "sensitive_content"
              }
            ]
          ],
          "identity_schema_version": 0
        }
      ]
    }
  ],
  "check_results": null
}
